
Microsoft Visual Studio Solution File, Format Version 12.00
# Visual Studio Version 16
VisualStudioVersion = 16.0.28407.52
MinimumVisualStudioVersion = 10.0.40219.1
Project("{2150E333-8FDC-42A3-9474-1A3956D46DE8}") = "globals", "globals", "{0D5527F1-3C5D-4728-BD7D-714E3A936DFD}"
	ProjectSection(SolutionItems) = preProject
		.editorconfig = .editorconfig
		.gitignore = .gitignore
	EndProjectSection
EndProject
Project("{2150E333-8FDC-42A3-9474-1A3956D46DE8}") = "src", "src", "{5097FD34-A419-4744-9BAD-DC403103B3B4}"
EndProject
Project("{FAE04EC0-301F-11D3-BF4B-00C04F79EFBC}") = "LedStripServer", "src\LedStripServer\LedStripServer.csproj", "{FD6E3C89-24DC-49FD-8B19-3D202B316206}"
EndProject
Global
	GlobalSection(SolutionConfigurationPlatforms) = preSolution
		Debug|Any CPU = Debug|Any CPU
		Release|Any CPU = Release|Any CPU
	EndGlobalSection
	GlobalSection(ProjectConfigurationPlatforms) = postSolution
		{FD6E3C89-24DC-49FD-8B19-3D202B316206}.Debug|Any CPU.ActiveCfg = Debug|Any CPU
		{FD6E3C89-24DC-49FD-8B19-3D202B316206}.Debug|Any CPU.Build.0 = Debug|Any CPU
		{FD6E3C89-24DC-49FD-8B19-3D202B316206}.Release|Any CPU.ActiveCfg = Release|Any CPU
		{FD6E3C89-24DC-49FD-8B19-3D202B316206}.Release|Any CPU.Build.0 = Release|Any CPU
	EndGlobalSection
	GlobalSection(SolutionProperties) = preSolution
		HideSolutionNode = FALSE
	EndGlobalSection
	GlobalSection(NestedProjects) = preSolution
		{FD6E3C89-24DC-49FD-8B19-3D202B316206} = {5097FD34-A419-4744-9BAD-DC403103B3B4}
	EndGlobalSection
	GlobalSection(ExtensibilityGlobals) = postSolution
		SolutionGuid = {F434D449-DFD5-4336-9C23-B012F7E623FC}
	EndGlobalSection
EndGlobal
